
Microsoft Visual Studio Solution File, Format Version 11.00
# Visual Studio 2010
Project("{FAE04EC0-301F-11D3-BF4B-00C04F79EFBC}") = "DrinkBuyer.WebUI", "DrinkBuyer.WebUI\DrinkBuyer.WebUI.csproj", "{7C38F004-1275-49E1-B56A-22C06F55D268}"
EndProject
Project("{FAE04EC0-301F-11D3-BF4B-00C04F79EFBC}") = "DrinkBuyer.Domain", "DrinkBuyer.Domain\DrinkBuyer.Domain.csproj", "{C0E1A578-0B76-4068-BC2F-28328D653398}"
EndProject
Project("{FAE04EC0-301F-11D3-BF4B-00C04F79EFBC}") = "UnitTests", "UnitTests\UnitTests.csproj", "{EAF6FDAD-8A7C-4948-826A-81CAB57C5E3D}"
EndProject
Project("{2150E333-8FDC-42A3-9474-1A3956D46DE8}") = "Solution Items", "Solution Items", "{03DD8759-245F-46E7-B21A-650E67AA0845}"
	ProjectSection(SolutionItems) = preProject
		DrinkBuyer.WebUI.vsmdi = DrinkBuyer.WebUI.vsmdi
		Local.testsettings = Local.testsettings
		TraceAndTestImpact.testsettings = TraceAndTestImpact.testsettings
	EndProjectSection
EndProject
Global
	GlobalSection(TestCaseManagementSettings) = postSolution
		CategoryFile = DrinkBuyer.WebUI.vsmdi
	EndGlobalSection
	GlobalSection(SolutionConfigurationPlatforms) = preSolution
		Debug|Any CPU = Debug|Any CPU
		Release|Any CPU = Release|Any CPU
	EndGlobalSection
	GlobalSection(ProjectConfigurationPlatforms) = postSolution
		{7C38F004-1275-49E1-B56A-22C06F55D268}.Debug|Any CPU.ActiveCfg = Debug|Any CPU
		{7C38F004-1275-49E1-B56A-22C06F55D268}.Debug|Any CPU.Build.0 = Debug|Any CPU
		{7C38F004-1275-49E1-B56A-22C06F55D268}.Release|Any CPU.ActiveCfg = Release|Any CPU
		{7C38F004-1275-49E1-B56A-22C06F55D268}.Release|Any CPU.Build.0 = Release|Any CPU
		{C0E1A578-0B76-4068-BC2F-28328D653398}.Debug|Any CPU.ActiveCfg = Debug|Any CPU
		{C0E1A578-0B76-4068-BC2F-28328D653398}.Debug|Any CPU.Build.0 = Debug|Any CPU
		{C0E1A578-0B76-4068-BC2F-28328D653398}.Release|Any CPU.ActiveCfg = Release|Any CPU
		{C0E1A578-0B76-4068-BC2F-28328D653398}.Release|Any CPU.Build.0 = Release|Any CPU
		{EAF6FDAD-8A7C-4948-826A-81CAB57C5E3D}.Debug|Any CPU.ActiveCfg = Debug|Any CPU
		{EAF6FDAD-8A7C-4948-826A-81CAB57C5E3D}.Debug|Any CPU.Build.0 = Debug|Any CPU
		{EAF6FDAD-8A7C-4948-826A-81CAB57C5E3D}.Release|Any CPU.ActiveCfg = Release|Any CPU
		{EAF6FDAD-8A7C-4948-826A-81CAB57C5E3D}.Release|Any CPU.Build.0 = Release|Any CPU
	EndGlobalSection
	GlobalSection(SolutionProperties) = preSolution
		HideSolutionNode = FALSE
	EndGlobalSection
EndGlobal
